
Microsoft Visual Studio Solution File, Format Version 12.00
# Visual Studio Version 16
VisualStudioVersion = 16.0.29306.81
MinimumVisualStudioVersion = 10.0.40219.1
Project("{FAE04EC0-301F-11D3-BF4B-00C04F79EFBC}") = "AuthJWT", "AuthJWT\AuthJWT.csproj", "{FDB37241-A842-44AF-904C-42AA8BE2A9F8}"
EndProject
Global
	GlobalSection(SolutionConfigurationPlatforms) = preSolution
		Debug|Any CPU = Debug|Any CPU
		Release|Any CPU = Release|Any CPU
	EndGlobalSection
	GlobalSection(ProjectConfigurationPlatforms) = postSolution
		{FDB37241-A842-44AF-904C-42AA8BE2A9F8}.Debug|Any CPU.ActiveCfg = Debug|Any CPU
		{FDB37241-A842-44AF-904C-42AA8BE2A9F8}.Debug|Any CPU.Build.0 = Debug|Any CPU
		{FDB37241-A842-44AF-904C-42AA8BE2A9F8}.Release|Any CPU.ActiveCfg = Release|Any CPU
		{FDB37241-A842-44AF-904C-42AA8BE2A9F8}.Release|Any CPU.Build.0 = Release|Any CPU
	EndGlobalSection
	GlobalSection(SolutionProperties) = preSolution
		HideSolutionNode = FALSE
	EndGlobalSection
	GlobalSection(ExtensibilityGlobals) = postSolution
		SolutionGuid = {1606A5E8-28B3-4D4E-8820-C48B5DD48DDE}
	EndGlobalSection
EndGlobal
